
Microsoft Visual Studio Solution File, Format Version 12.00
# Visual Studio Version 17
VisualStudioVersion = 17.11.35327.3
MinimumVisualStudioVersion = 10.0.40219.1
Project("{9A19103F-16F7-4668-BE54-9A1E7A4F7556}") = "PuntoVenta", "PuntoVenta\PuntoVenta.csproj", "{F8C2E013-A000-4FCC-9464-0DB32626DCE5}"
EndProject
Project("{9A19103F-16F7-4668-BE54-9A1E7A4F7556}") = "DB", "DB\DB.csproj", "{FBDEEEA1-E81C-4B49-B7CA-4DA6DF8BDB36}"
EndProject
Project("{FAE04EC0-301F-11D3-BF4B-00C04F79EFBC}") = "Repository", "Repository\Repository.csproj", "{80D8B076-E74A-4F8B-B9D3-461F8EEF92A3}"
EndProject
Global
	GlobalSection(SolutionConfigurationPlatforms) = preSolution
		Debug|Any CPU = Debug|Any CPU
		Release|Any CPU = Release|Any CPU
	EndGlobalSection
	GlobalSection(ProjectConfigurationPlatforms) = postSolution
		{F8C2E013-A000-4FCC-9464-0DB32626DCE5}.Debug|Any CPU.ActiveCfg = Debug|Any CPU
		{F8C2E013-A000-4FCC-9464-0DB32626DCE5}.Debug|Any CPU.Build.0 = Debug|Any CPU
		{F8C2E013-A000-4FCC-9464-0DB32626DCE5}.Release|Any CPU.ActiveCfg = Release|Any CPU
		{F8C2E013-A000-4FCC-9464-0DB32626DCE5}.Release|Any CPU.Build.0 = Release|Any CPU
		{FBDEEEA1-E81C-4B49-B7CA-4DA6DF8BDB36}.Debug|Any CPU.ActiveCfg = Debug|Any CPU
		{FBDEEEA1-E81C-4B49-B7CA-4DA6DF8BDB36}.Debug|Any CPU.Build.0 = Debug|Any CPU
		{FBDEEEA1-E81C-4B49-B7CA-4DA6DF8BDB36}.Release|Any CPU.ActiveCfg = Release|Any CPU
		{FBDEEEA1-E81C-4B49-B7CA-4DA6DF8BDB36}.Release|Any CPU.Build.0 = Release|Any CPU
		{80D8B076-E74A-4F8B-B9D3-461F8EEF92A3}.Debug|Any CPU.ActiveCfg = Debug|Any CPU
		{80D8B076-E74A-4F8B-B9D3-461F8EEF92A3}.Debug|Any CPU.Build.0 = Debug|Any CPU
		{80D8B076-E74A-4F8B-B9D3-461F8EEF92A3}.Release|Any CPU.ActiveCfg = Release|Any CPU
		{80D8B076-E74A-4F8B-B9D3-461F8EEF92A3}.Release|Any CPU.Build.0 = Release|Any CPU
	EndGlobalSection
	GlobalSection(SolutionProperties) = preSolution
		HideSolutionNode = FALSE
	EndGlobalSection
	GlobalSection(ExtensibilityGlobals) = postSolution
		SolutionGuid = {FA908BD6-C18C-4BA5-88FB-DB72258D1AD9}
	EndGlobalSection
EndGlobal
